
Microsoft Visual Studio Solution File, Format Version 12.00
# Visual Studio 14
VisualStudioVersion = 14.0.25420.1
MinimumVisualStudioVersion = 10.0.40219.1
Project("{FAE04EC0-301F-11D3-BF4B-00C04F79EFBC}") = "CBS", "CBS\CBS.csproj", "{FF5B73D9-2817-40AA-B0E2-7FD3462F59B4}"
EndProject
Project("{FAE04EC0-301F-11D3-BF4B-00C04F79EFBC}") = "SimpleCBS.Tests", "SimpleCBS.Tests\SimpleCBS.Tests.csproj", "{C005CC22-A9F8-44C1-AB77-48B5A86B9174}"
EndProject
Global
	GlobalSection(SolutionConfigurationPlatforms) = preSolution
		Debug|Any CPU = Debug|Any CPU
		Release|Any CPU = Release|Any CPU
	EndGlobalSection
	GlobalSection(ProjectConfigurationPlatforms) = postSolution
		{FF5B73D9-2817-40AA-B0E2-7FD3462F59B4}.Debug|Any CPU.ActiveCfg = Debug|Any CPU
		{FF5B73D9-2817-40AA-B0E2-7FD3462F59B4}.Debug|Any CPU.Build.0 = Debug|Any CPU
		{FF5B73D9-2817-40AA-B0E2-7FD3462F59B4}.Release|Any CPU.ActiveCfg = Release|Any CPU
		{FF5B73D9-2817-40AA-B0E2-7FD3462F59B4}.Release|Any CPU.Build.0 = Release|Any CPU
		{C005CC22-A9F8-44C1-AB77-48B5A86B9174}.Debug|Any CPU.ActiveCfg = Debug|Any CPU
		{C005CC22-A9F8-44C1-AB77-48B5A86B9174}.Debug|Any CPU.Build.0 = Debug|Any CPU
		{C005CC22-A9F8-44C1-AB77-48B5A86B9174}.Release|Any CPU.ActiveCfg = Release|Any CPU
		{C005CC22-A9F8-44C1-AB77-48B5A86B9174}.Release|Any CPU.Build.0 = Release|Any CPU
	EndGlobalSection
	GlobalSection(SolutionProperties) = preSolution
		HideSolutionNode = FALSE
	EndGlobalSection
EndGlobal
